
Microsoft Visual Studio Solution File, Format Version 12.00
# Visual Studio Version 16
VisualStudioVersion = 16.0.31321.278
MinimumVisualStudioVersion = 10.0.40219.1
Project("{FAE04EC0-301F-11D3-BF4B-00C04F79EFBC}") = "StudFightServer", "StudFightServer\StudFightServer.csproj", "{83522D6E-A88C-4981-83BF-653B3EB28012}"
EndProject
Global
	GlobalSection(SolutionConfigurationPlatforms) = preSolution
		Debug|Any CPU = Debug|Any CPU
		Release|Any CPU = Release|Any CPU
	EndGlobalSection
	GlobalSection(ProjectConfigurationPlatforms) = postSolution
		{83522D6E-A88C-4981-83BF-653B3EB28012}.Debug|Any CPU.ActiveCfg = Debug|Any CPU
		{83522D6E-A88C-4981-83BF-653B3EB28012}.Debug|Any CPU.Build.0 = Debug|Any CPU
		{83522D6E-A88C-4981-83BF-653B3EB28012}.Release|Any CPU.ActiveCfg = Release|Any CPU
		{83522D6E-A88C-4981-83BF-653B3EB28012}.Release|Any CPU.Build.0 = Release|Any CPU
	EndGlobalSection
	GlobalSection(SolutionProperties) = preSolution
		HideSolutionNode = FALSE
	EndGlobalSection
	GlobalSection(ExtensibilityGlobals) = postSolution
		SolutionGuid = {7B16D7B2-FA55-4F59-B902-DA8F7B2FFD32}
	EndGlobalSection
EndGlobal
